
Microsoft Visual Studio Solution File, Format Version 12.00
# Visual Studio Version 17
VisualStudioVersion = 17.9.34616.47
MinimumVisualStudioVersion = 10.0.40219.1
Project("{FAE04EC0-301F-11D3-BF4B-00C04F79EFBC}") = "UnitTestsWithJsonData", "UnitTestsWithJsonData\UnitTestsWithJsonData.csproj", "{84D5CE36-85DB-4317-A811-1893A79A3D05}"
EndProject
Global
	GlobalSection(SolutionConfigurationPlatforms) = preSolution
		Debug|Any CPU = Debug|Any CPU
		Release|Any CPU = Release|Any CPU
	EndGlobalSection
	GlobalSection(ProjectConfigurationPlatforms) = postSolution
		{84D5CE36-85DB-4317-A811-1893A79A3D05}.Debug|Any CPU.ActiveCfg = Debug|Any CPU
		{84D5CE36-85DB-4317-A811-1893A79A3D05}.Debug|Any CPU.Build.0 = Debug|Any CPU
		{84D5CE36-85DB-4317-A811-1893A79A3D05}.Release|Any CPU.ActiveCfg = Release|Any CPU
		{84D5CE36-85DB-4317-A811-1893A79A3D05}.Release|Any CPU.Build.0 = Release|Any CPU
	EndGlobalSection
	GlobalSection(SolutionProperties) = preSolution
		HideSolutionNode = FALSE
	EndGlobalSection
	GlobalSection(ExtensibilityGlobals) = postSolution
		SolutionGuid = {C6DE04D4-838B-4AEE-876A-E71A8C5E2833}
	EndGlobalSection
EndGlobal
